Microsoft Visual Studio Solution File, Format Version 11.00
# Visual Studio 2008

Project("{37A88603-8409-D90C-00CF-542014BB1DF7}") = "PerceptionNeuron_Jul27th", "Assembly-CSharp.csproj", "{C44C4340-3189-C711-1E58-D87622A43001}"
EndProject
Project("{37A88603-8409-D90C-00CF-542014BB1DF7}") = "PerceptionNeuron_Jul27th", "Assembly-CSharp-Editor.csproj", "{9983DB27-E5D5-1BD9-C05E-2B5ED24C51BD}"
EndProject
Global
	GlobalSection(SolutionConfigurationPlatforms) = preSolution
		Debug|Any CPU = Debug|Any CPU
		Release|Any CPU = Release|Any CPU
	EndGlobalSection
	GlobalSection(ProjectConfigurationPlatforms) = postSolution
		{C44C4340-3189-C711-1E58-D87622A43001}.Debug|Any CPU.ActiveCfg = Debug|Any CPU
		{C44C4340-3189-C711-1E58-D87622A43001}.Debug|Any CPU.Build.0 = Debug|Any CPU
		{C44C4340-3189-C711-1E58-D87622A43001}.Release|Any CPU.ActiveCfg = Release|Any CPU
		{C44C4340-3189-C711-1E58-D87622A43001}.Release|Any CPU.Build.0 = Release|Any CPU
		{9983DB27-E5D5-1BD9-C05E-2B5ED24C51BD}.Debug|Any CPU.ActiveCfg = Debug|Any CPU
		{9983DB27-E5D5-1BD9-C05E-2B5ED24C51BD}.Debug|Any CPU.Build.0 = Debug|Any CPU
		{9983DB27-E5D5-1BD9-C05E-2B5ED24C51BD}.Release|Any CPU.ActiveCfg = Release|Any CPU
		{9983DB27-E5D5-1BD9-C05E-2B5ED24C51BD}.Release|Any CPU.Build.0 = Release|Any CPU
	EndGlobalSection
	GlobalSection(SolutionProperties) = preSolution
		HideSolutionNode = FALSE
	EndGlobalSection
	GlobalSection(MonoDevelopProperties) = preSolution
		StartupItem = Assembly-CSharp.csproj
	EndGlobalSection
EndGlobal
